
Microsoft Visual Studio Solution File, Format Version 12.00
# Visual Studio Version 16
VisualStudioVersion = 16.0.31105.61
MinimumVisualStudioVersion = 10.0.40219.1
Project("{FAE04EC0-301F-11D3-BF4B-00C04F79EFBC}") = "SquareApi-AspNetCoreMvc-Demo", "SquareApi-AspNetCoreMvc-Demo\SquareApi-AspNetCoreMvc-Demo.csproj", "{C868EAC8-1ECD-457B-B7F0-CA4D40A70573}"
EndProject
Global
	GlobalSection(SolutionConfigurationPlatforms) = preSolution
		Debug|Any CPU = Debug|Any CPU
		Release|Any CPU = Release|Any CPU
	EndGlobalSection
	GlobalSection(ProjectConfigurationPlatforms) = postSolution
		{C868EAC8-1ECD-457B-B7F0-CA4D40A70573}.Debug|Any CPU.ActiveCfg = Debug|Any CPU
		{C868EAC8-1ECD-457B-B7F0-CA4D40A70573}.Debug|Any CPU.Build.0 = Debug|Any CPU
		{C868EAC8-1ECD-457B-B7F0-CA4D40A70573}.Release|Any CPU.ActiveCfg = Release|Any CPU
		{C868EAC8-1ECD-457B-B7F0-CA4D40A70573}.Release|Any CPU.Build.0 = Release|Any CPU
	EndGlobalSection
	GlobalSection(SolutionProperties) = preSolution
		HideSolutionNode = FALSE
	EndGlobalSection
	GlobalSection(ExtensibilityGlobals) = postSolution
		SolutionGuid = {0458FB94-C47E-4191-A93E-866AB8D853AC}
	EndGlobalSection
EndGlobal
